
Microsoft Visual Studio Solution File, Format Version 12.00
# Visual Studio Version 17
VisualStudioVersion = 17.0.31903.59
MinimumVisualStudioVersion = 10.0.40219.1
Project("{2150E333-8FDC-42A3-9474-1A3956D46DE8}") = "Applications", "Applications", "{01CA0996-A577-43E4-B1E6-2C6062E58A7D}"
EndProject
Project("{2150E333-8FDC-42A3-9474-1A3956D46DE8}") = "Libraries", "Libraries", "{F42F736B-8593-4418-AC68-2E4DEAF42A4B}"
EndProject
Project("{FAE04EC0-301F-11D3-BF4B-00C04F79EFBC}") = "SV21T1020203.Web", "SV21T1020203.Web\SV21T1020203.Web.csproj", "{12E69238-D901-45B8-A368-E0361C4B8A27}"
EndProject
Project("{FAE04EC0-301F-11D3-BF4B-00C04F79EFBC}") = "SV21T1020203.DomainModels", "SV21T1020203.DomainModels\SV21T1020203.DomainModels.csproj", "{468503DF-9BEA-496B-B275-EA936EB45856}"
EndProject
Project("{FAE04EC0-301F-11D3-BF4B-00C04F79EFBC}") = "SV21T1020203.DataLayers", "SV21T1020203.DataLayers\SV21T1020203.DataLayers.csproj", "{B84659A1-3DF5-4E8F-935C-B646B9F06A18}"
EndProject
Project("{FAE04EC0-301F-11D3-BF4B-00C04F79EFBC}") = "SV21T1020203.BusinessLayers", "SV21T1020203.BusinessLayers\SV21T1020203.BusinessLayers.csproj", "{0D8C6BDF-9170-4A64-A1B1-E49555F01B31}"
EndProject
Project("{FAE04EC0-301F-11D3-BF4B-00C04F79EFBC}") = "SV21T1020203.Shop", "SV21T1020203.Shop\SV21T1020203.Shop.csproj", "{D21A26EA-61BB-437F-B501-CFA7118228CE}"
EndProject
Global
	GlobalSection(SolutionConfigurationPlatforms) = preSolution
		Debug|Any CPU = Debug|Any CPU
		Release|Any CPU = Release|Any CPU
	EndGlobalSection
	GlobalSection(SolutionProperties) = preSolution
		HideSolutionNode = FALSE
	EndGlobalSection
	GlobalSection(ProjectConfigurationPlatforms) = postSolution
		{12E69238-D901-45B8-A368-E0361C4B8A27}.Debug|Any CPU.ActiveCfg = Debug|Any CPU
		{12E69238-D901-45B8-A368-E0361C4B8A27}.Debug|Any CPU.Build.0 = Debug|Any CPU
		{12E69238-D901-45B8-A368-E0361C4B8A27}.Release|Any CPU.ActiveCfg = Release|Any CPU
		{12E69238-D901-45B8-A368-E0361C4B8A27}.Release|Any CPU.Build.0 = Release|Any CPU
		{468503DF-9BEA-496B-B275-EA936EB45856}.Debug|Any CPU.ActiveCfg = Debug|Any CPU
		{468503DF-9BEA-496B-B275-EA936EB45856}.Debug|Any CPU.Build.0 = Debug|Any CPU
		{468503DF-9BEA-496B-B275-EA936EB45856}.Release|Any CPU.ActiveCfg = Release|Any CPU
		{468503DF-9BEA-496B-B275-EA936EB45856}.Release|Any CPU.Build.0 = Release|Any CPU
		{B84659A1-3DF5-4E8F-935C-B646B9F06A18}.Debug|Any CPU.ActiveCfg = Debug|Any CPU
		{B84659A1-3DF5-4E8F-935C-B646B9F06A18}.Debug|Any CPU.Build.0 = Debug|Any CPU
		{B84659A1-3DF5-4E8F-935C-B646B9F06A18}.Release|Any CPU.ActiveCfg = Release|Any CPU
		{B84659A1-3DF5-4E8F-935C-B646B9F06A18}.Release|Any CPU.Build.0 = Release|Any CPU
		{0D8C6BDF-9170-4A64-A1B1-E49555F01B31}.Debug|Any CPU.ActiveCfg = Debug|Any CPU
		{0D8C6BDF-9170-4A64-A1B1-E49555F01B31}.Debug|Any CPU.Build.0 = Debug|Any CPU
		{0D8C6BDF-9170-4A64-A1B1-E49555F01B31}.Release|Any CPU.ActiveCfg = Release|Any CPU
		{0D8C6BDF-9170-4A64-A1B1-E49555F01B31}.Release|Any CPU.Build.0 = Release|Any CPU
		{D21A26EA-61BB-437F-B501-CFA7118228CE}.Debug|Any CPU.ActiveCfg = Debug|Any CPU
		{D21A26EA-61BB-437F-B501-CFA7118228CE}.Debug|Any CPU.Build.0 = Debug|Any CPU
		{D21A26EA-61BB-437F-B501-CFA7118228CE}.Release|Any CPU.ActiveCfg = Release|Any CPU
		{D21A26EA-61BB-437F-B501-CFA7118228CE}.Release|Any CPU.Build.0 = Release|Any CPU
	EndGlobalSection
	GlobalSection(NestedProjects) = preSolution
		{0D8C6BDF-9170-4A64-A1B1-E49555F01B31} = {F42F736B-8593-4418-AC68-2E4DEAF42A4B}
		{B84659A1-3DF5-4E8F-935C-B646B9F06A18} = {F42F736B-8593-4418-AC68-2E4DEAF42A4B}
		{468503DF-9BEA-496B-B275-EA936EB45856} = {F42F736B-8593-4418-AC68-2E4DEAF42A4B}
		{12E69238-D901-45B8-A368-E0361C4B8A27} = {01CA0996-A577-43E4-B1E6-2C6062E58A7D}
	EndGlobalSection
EndGlobal
